{
  "name": "drum-kit",
  "lockfileVersion": 2,
  "requires": true,
  "packages": {
    "": {
      "dependencies": {
        "low-pass-filter": "^1.0.0"
      }
    },
    "node_modules/low-pass-filter": {
      "version": "1.0.0",
      "resolved": "https://registry.npmjs.org/low-pass-filter/-/low-pass-filter-1.0.0.tgz",
      "integrity": "sha512-EG9kSMqILY1tSv+hYlWY7DRGbw3Qw6OTEP0E+71Z5fE5U3zjnE0wqSc4kSss3CSMH5Wq76npYM/kFZk8SRZNFg==",
      "engines": {
        "node": ">=8"
      }
    }
  },
  "dependencies": {
    "low-pass-filter": {
      "version": "1.0.0",
      "resolved": "https://registry.npmjs.org/low-pass-filter/-/low-pass-filter-1.0.0.tgz",
      "integrity": "sha512-EG9kSMqILY1tSv+hYlWY7DRGbw3Qw6OTEP0E+71Z5fE5U3zjnE0wqSc4kSss3CSMH5Wq76npYM/kFZk8SRZNFg=="
    }
  }
}
